
Microsoft Visual Studio Solution File, Format Version 12.00
# Visual Studio Version 17
VisualStudioVersion = 17.3.32825.248
MinimumVisualStudioVersion = 10.0.40219.1
Project("{8BC9CEB8-8B4A-11D0-8D11-00A0C91BC942}") = "E20", "E20.vcxproj", "{E51709FA-1E1F-462F-9D5A-0ACE24232BF9}"
EndProject
Global
	GlobalSection(SolutionConfigurationPlatforms) = preSolution
		Debug|x64 = Debug|x64
		Debug|x86 = Debug|x86
		Release|x64 = Release|x64
		Release|x86 = Release|x86
	EndGlobalSection
	GlobalSection(ProjectConfigurationPlatforms) = postSolution
		{E51709FA-1E1F-462F-9D5A-0ACE24232BF9}.Debug|x64.ActiveCfg = Debug|x64
		{E51709FA-1E1F-462F-9D5A-0ACE24232BF9}.Debug|x64.Build.0 = Debug|x64
		{E51709FA-1E1F-462F-9D5A-0ACE24232BF9}.Debug|x86.ActiveCfg = Debug|Win32
		{E51709FA-1E1F-462F-9D5A-0ACE24232BF9}.Debug|x86.Build.0 = Debug|Win32
		{E51709FA-1E1F-462F-9D5A-0ACE24232BF9}.Release|x64.ActiveCfg = Release|x64
		{E51709FA-1E1F-462F-9D5A-0ACE24232BF9}.Release|x64.Build.0 = Release|x64
		{E51709FA-1E1F-462F-9D5A-0ACE24232BF9}.Release|x86.ActiveCfg = Release|Win32
		{E51709FA-1E1F-462F-9D5A-0ACE24232BF9}.Release|x86.Build.0 = Release|Win32
	EndGlobalSection
	GlobalSection(SolutionProperties) = preSolution
		HideSolutionNode = FALSE
	EndGlobalSection
	GlobalSection(ExtensibilityGlobals) = postSolution
		SolutionGuid = {0EC008B9-C9F1-4A25-98D5-C577C7C59D2E}
	EndGlobalSection
EndGlobal
