
Microsoft Visual Studio Solution File, Format Version 12.00
# Visual Studio Version 17
VisualStudioVersion = 17.3.32825.248
MinimumVisualStudioVersion = 10.0.40219.1
Project("{8BC9CEB8-8B4A-11D0-8D11-00A0C91BC942}") = "E43", "E43.vcxproj", "{AB99E8F0-8C2F-4027-BF5D-81FD6C5F2223}"
EndProject
Global
	GlobalSection(SolutionConfigurationPlatforms) = preSolution
		Debug|x64 = Debug|x64
		Debug|x86 = Debug|x86
		Release|x64 = Release|x64
		Release|x86 = Release|x86
	EndGlobalSection
	GlobalSection(ProjectConfigurationPlatforms) = postSolution
		{AB99E8F0-8C2F-4027-BF5D-81FD6C5F2223}.Debug|x64.ActiveCfg = Debug|x64
		{AB99E8F0-8C2F-4027-BF5D-81FD6C5F2223}.Debug|x64.Build.0 = Debug|x64
		{AB99E8F0-8C2F-4027-BF5D-81FD6C5F2223}.Debug|x86.ActiveCfg = Debug|Win32
		{AB99E8F0-8C2F-4027-BF5D-81FD6C5F2223}.Debug|x86.Build.0 = Debug|Win32
		{AB99E8F0-8C2F-4027-BF5D-81FD6C5F2223}.Release|x64.ActiveCfg = Release|x64
		{AB99E8F0-8C2F-4027-BF5D-81FD6C5F2223}.Release|x64.Build.0 = Release|x64
		{AB99E8F0-8C2F-4027-BF5D-81FD6C5F2223}.Release|x86.ActiveCfg = Release|Win32
		{AB99E8F0-8C2F-4027-BF5D-81FD6C5F2223}.Release|x86.Build.0 = Release|Win32
	EndGlobalSection
	GlobalSection(SolutionProperties) = preSolution
		HideSolutionNode = FALSE
	EndGlobalSection
	GlobalSection(ExtensibilityGlobals) = postSolution
		SolutionGuid = {62A6548F-BB65-4C1A-971F-4FB34BA2D348}
	EndGlobalSection
EndGlobal
