
Microsoft Visual Studio Solution File, Format Version 12.00
# Visual Studio Version 17
VisualStudioVersion = 17.3.32825.248
MinimumVisualStudioVersion = 10.0.40219.1
Project("{8BC9CEB8-8B4A-11D0-8D11-00A0C91BC942}") = "E15", "E15.vcxproj", "{F58CCBFD-CF8D-41E9-B3DB-C78EFDA7FB3B}"
EndProject
Global
	GlobalSection(SolutionConfigurationPlatforms) = preSolution
		Debug|x64 = Debug|x64
		Debug|x86 = Debug|x86
		Release|x64 = Release|x64
		Release|x86 = Release|x86
	EndGlobalSection
	GlobalSection(ProjectConfigurationPlatforms) = postSolution
		{F58CCBFD-CF8D-41E9-B3DB-C78EFDA7FB3B}.Debug|x64.ActiveCfg = Debug|x64
		{F58CCBFD-CF8D-41E9-B3DB-C78EFDA7FB3B}.Debug|x64.Build.0 = Debug|x64
		{F58CCBFD-CF8D-41E9-B3DB-C78EFDA7FB3B}.Debug|x86.ActiveCfg = Debug|Win32
		{F58CCBFD-CF8D-41E9-B3DB-C78EFDA7FB3B}.Debug|x86.Build.0 = Debug|Win32
		{F58CCBFD-CF8D-41E9-B3DB-C78EFDA7FB3B}.Release|x64.ActiveCfg = Release|x64
		{F58CCBFD-CF8D-41E9-B3DB-C78EFDA7FB3B}.Release|x64.Build.0 = Release|x64
		{F58CCBFD-CF8D-41E9-B3DB-C78EFDA7FB3B}.Release|x86.ActiveCfg = Release|Win32
		{F58CCBFD-CF8D-41E9-B3DB-C78EFDA7FB3B}.Release|x86.Build.0 = Release|Win32
	EndGlobalSection
	GlobalSection(SolutionProperties) = preSolution
		HideSolutionNode = FALSE
	EndGlobalSection
	GlobalSection(ExtensibilityGlobals) = postSolution
		SolutionGuid = {50B25933-99B9-441F-993F-119BCE64E1F2}
	EndGlobalSection
EndGlobal
