
Microsoft Visual Studio Solution File, Format Version 12.00
# Visual Studio Version 17
VisualStudioVersion = 17.3.32825.248
MinimumVisualStudioVersion = 10.0.40219.1
Project("{8BC9CEB8-8B4A-11D0-8D11-00A0C91BC942}") = "E24", "E24.vcxproj", "{530242AD-2CA3-4692-A146-70F58118C4A6}"
EndProject
Global
	GlobalSection(SolutionConfigurationPlatforms) = preSolution
		Debug|x64 = Debug|x64
		Debug|x86 = Debug|x86
		Release|x64 = Release|x64
		Release|x86 = Release|x86
	EndGlobalSection
	GlobalSection(ProjectConfigurationPlatforms) = postSolution
		{530242AD-2CA3-4692-A146-70F58118C4A6}.Debug|x64.ActiveCfg = Debug|x64
		{530242AD-2CA3-4692-A146-70F58118C4A6}.Debug|x64.Build.0 = Debug|x64
		{530242AD-2CA3-4692-A146-70F58118C4A6}.Debug|x86.ActiveCfg = Debug|Win32
		{530242AD-2CA3-4692-A146-70F58118C4A6}.Debug|x86.Build.0 = Debug|Win32
		{530242AD-2CA3-4692-A146-70F58118C4A6}.Release|x64.ActiveCfg = Release|x64
		{530242AD-2CA3-4692-A146-70F58118C4A6}.Release|x64.Build.0 = Release|x64
		{530242AD-2CA3-4692-A146-70F58118C4A6}.Release|x86.ActiveCfg = Release|Win32
		{530242AD-2CA3-4692-A146-70F58118C4A6}.Release|x86.Build.0 = Release|Win32
	EndGlobalSection
	GlobalSection(SolutionProperties) = preSolution
		HideSolutionNode = FALSE
	EndGlobalSection
	GlobalSection(ExtensibilityGlobals) = postSolution
		SolutionGuid = {625EDDCD-C85F-48C0-995C-BF73276C02B6}
	EndGlobalSection
EndGlobal
