
Microsoft Visual Studio Solution File, Format Version 12.00
# Visual Studio Version 17
VisualStudioVersion = 17.3.32825.248
MinimumVisualStudioVersion = 10.0.40219.1
Project("{8BC9CEB8-8B4A-11D0-8D11-00A0C91BC942}") = "E56", "E56.vcxproj", "{4957530F-2F58-432F-B376-46FD8A34694E}"
EndProject
Global
	GlobalSection(SolutionConfigurationPlatforms) = preSolution
		Debug|x64 = Debug|x64
		Debug|x86 = Debug|x86
		Release|x64 = Release|x64
		Release|x86 = Release|x86
	EndGlobalSection
	GlobalSection(ProjectConfigurationPlatforms) = postSolution
		{4957530F-2F58-432F-B376-46FD8A34694E}.Debug|x64.ActiveCfg = Debug|x64
		{4957530F-2F58-432F-B376-46FD8A34694E}.Debug|x64.Build.0 = Debug|x64
		{4957530F-2F58-432F-B376-46FD8A34694E}.Debug|x86.ActiveCfg = Debug|Win32
		{4957530F-2F58-432F-B376-46FD8A34694E}.Debug|x86.Build.0 = Debug|Win32
		{4957530F-2F58-432F-B376-46FD8A34694E}.Release|x64.ActiveCfg = Release|x64
		{4957530F-2F58-432F-B376-46FD8A34694E}.Release|x64.Build.0 = Release|x64
		{4957530F-2F58-432F-B376-46FD8A34694E}.Release|x86.ActiveCfg = Release|Win32
		{4957530F-2F58-432F-B376-46FD8A34694E}.Release|x86.Build.0 = Release|Win32
	EndGlobalSection
	GlobalSection(SolutionProperties) = preSolution
		HideSolutionNode = FALSE
	EndGlobalSection
	GlobalSection(ExtensibilityGlobals) = postSolution
		SolutionGuid = {0BED9FE1-91B3-4053-963F-905576E42A2B}
	EndGlobalSection
EndGlobal
